
Microsoft Visual Studio Solution File, Format Version 12.00
# Visual Studio Version 17
VisualStudioVersion = 17.11.35303.130
MinimumVisualStudioVersion = 10.0.40219.1
Project("{9A19103F-16F7-4668-BE54-9A1E7A4F7556}") = "PolarisContacts.ReadService.Domain", "PolarisContacts.ReadService.Domain\PolarisContacts.ReadService.Domain.csproj", "{74332189-6850-4F2E-A4CA-EB9CDED38044}"
EndProject
Project("{2150E333-8FDC-42A3-9474-1A3956D46DE8}") = "src", "src", "{31E939F8-C21D-4461-A254-52D3DE63351C}"
EndProject
Project("{9A19103F-16F7-4668-BE54-9A1E7A4F7556}") = "PolarisContacts.ReadService", "PolarisContacts.ReadService\PolarisContacts.ReadService.csproj", "{646D90A9-F08A-450D-B373-28BB6F4E23C2}"
EndProject
Project("{9A19103F-16F7-4668-BE54-9A1E7A4F7556}") = "PolarisContacts.ReadService.Application", "PolarisContacts.ReadService.Application\PolarisContacts.ReadService.Application.csproj", "{122EA4C6-F52C-4757-8FF9-9BCBF029ADAA}"
EndProject
Project("{9A19103F-16F7-4668-BE54-9A1E7A4F7556}") = "PolarisContacts.ReadService.CrossCutting.DependencyInjection", "PolarisContacts.ReadService.CrossCutting.DependencyInjection\PolarisContacts.ReadService.CrossCutting.DependencyInjection.csproj", "{8F21D596-B6A1-4582-80E3-FBC6D72ADF38}"
EndProject
Project("{9A19103F-16F7-4668-BE54-9A1E7A4F7556}") = "PolarisContacts.ReadService.Infrastructure", "PolarisContacts.ReadService.Infrastructure\PolarisContacts.ReadService.Infrastructure.csproj", "{1501524A-0F8D-475C-B4E1-5BB24648C055}"
EndProject
Project("{2150E333-8FDC-42A3-9474-1A3956D46DE8}") = "tests", "tests", "{9F30A70E-A31E-4AC9-A133-937C37B1B48F}"
EndProject
Project("{9A19103F-16F7-4668-BE54-9A1E7A4F7556}") = "PolarisContacts.ReadService.IntegrationTests", "PolarisContacts.ReadService.IntegrationTests\PolarisContacts.ReadService.IntegrationTests.csproj", "{A8AF6D6E-64B6-4785-A8BB-8FC32150A569}"
EndProject
Project("{9A19103F-16F7-4668-BE54-9A1E7A4F7556}") = "PolarisContacts.ReadService.UnitTests", "PolarisContacts.ReadService.UnitTests\PolarisContacts.ReadService.UnitTests.csproj", "{1E04D391-A0D9-498C-8ACD-71FC6D90A6B8}"
EndProject
Global
	GlobalSection(SolutionConfigurationPlatforms) = preSolution
		Debug|Any CPU = Debug|Any CPU
		Release|Any CPU = Release|Any CPU
	EndGlobalSection
	GlobalSection(ProjectConfigurationPlatforms) = postSolution
		{74332189-6850-4F2E-A4CA-EB9CDED38044}.Debug|Any CPU.ActiveCfg = Debug|Any CPU
		{74332189-6850-4F2E-A4CA-EB9CDED38044}.Debug|Any CPU.Build.0 = Debug|Any CPU
		{74332189-6850-4F2E-A4CA-EB9CDED38044}.Release|Any CPU.ActiveCfg = Release|Any CPU
		{74332189-6850-4F2E-A4CA-EB9CDED38044}.Release|Any CPU.Build.0 = Release|Any CPU
		{646D90A9-F08A-450D-B373-28BB6F4E23C2}.Debug|Any CPU.ActiveCfg = Debug|Any CPU
		{646D90A9-F08A-450D-B373-28BB6F4E23C2}.Debug|Any CPU.Build.0 = Debug|Any CPU
		{646D90A9-F08A-450D-B373-28BB6F4E23C2}.Release|Any CPU.ActiveCfg = Release|Any CPU
		{646D90A9-F08A-450D-B373-28BB6F4E23C2}.Release|Any CPU.Build.0 = Release|Any CPU
		{122EA4C6-F52C-4757-8FF9-9BCBF029ADAA}.Debug|Any CPU.ActiveCfg = Debug|Any CPU
		{122EA4C6-F52C-4757-8FF9-9BCBF029ADAA}.Debug|Any CPU.Build.0 = Debug|Any CPU
		{122EA4C6-F52C-4757-8FF9-9BCBF029ADAA}.Release|Any CPU.ActiveCfg = Release|Any CPU
		{122EA4C6-F52C-4757-8FF9-9BCBF029ADAA}.Release|Any CPU.Build.0 = Release|Any CPU
		{8F21D596-B6A1-4582-80E3-FBC6D72ADF38}.Debug|Any CPU.ActiveCfg = Debug|Any CPU
		{8F21D596-B6A1-4582-80E3-FBC6D72ADF38}.Debug|Any CPU.Build.0 = Debug|Any CPU
		{8F21D596-B6A1-4582-80E3-FBC6D72ADF38}.Release|Any CPU.ActiveCfg = Release|Any CPU
		{8F21D596-B6A1-4582-80E3-FBC6D72ADF38}.Release|Any CPU.Build.0 = Release|Any CPU
		{1501524A-0F8D-475C-B4E1-5BB24648C055}.Debug|Any CPU.ActiveCfg = Debug|Any CPU
		{1501524A-0F8D-475C-B4E1-5BB24648C055}.Debug|Any CPU.Build.0 = Debug|Any CPU
		{1501524A-0F8D-475C-B4E1-5BB24648C055}.Release|Any CPU.ActiveCfg = Release|Any CPU
		{1501524A-0F8D-475C-B4E1-5BB24648C055}.Release|Any CPU.Build.0 = Release|Any CPU
		{A8AF6D6E-64B6-4785-A8BB-8FC32150A569}.Debug|Any CPU.ActiveCfg = Debug|Any CPU
		{A8AF6D6E-64B6-4785-A8BB-8FC32150A569}.Debug|Any CPU.Build.0 = Debug|Any CPU
		{A8AF6D6E-64B6-4785-A8BB-8FC32150A569}.Release|Any CPU.ActiveCfg = Release|Any CPU
		{A8AF6D6E-64B6-4785-A8BB-8FC32150A569}.Release|Any CPU.Build.0 = Release|Any CPU
		{1E04D391-A0D9-498C-8ACD-71FC6D90A6B8}.Debug|Any CPU.ActiveCfg = Debug|Any CPU
		{1E04D391-A0D9-498C-8ACD-71FC6D90A6B8}.Debug|Any CPU.Build.0 = Debug|Any CPU
		{1E04D391-A0D9-498C-8ACD-71FC6D90A6B8}.Release|Any CPU.ActiveCfg = Release|Any CPU
		{1E04D391-A0D9-498C-8ACD-71FC6D90A6B8}.Release|Any CPU.Build.0 = Release|Any CPU
	EndGlobalSection
	GlobalSection(SolutionProperties) = preSolution
		HideSolutionNode = FALSE
	EndGlobalSection
	GlobalSection(NestedProjects) = preSolution
		{74332189-6850-4F2E-A4CA-EB9CDED38044} = {31E939F8-C21D-4461-A254-52D3DE63351C}
		{646D90A9-F08A-450D-B373-28BB6F4E23C2} = {31E939F8-C21D-4461-A254-52D3DE63351C}
		{122EA4C6-F52C-4757-8FF9-9BCBF029ADAA} = {31E939F8-C21D-4461-A254-52D3DE63351C}
		{8F21D596-B6A1-4582-80E3-FBC6D72ADF38} = {31E939F8-C21D-4461-A254-52D3DE63351C}
		{1501524A-0F8D-475C-B4E1-5BB24648C055} = {31E939F8-C21D-4461-A254-52D3DE63351C}
		{A8AF6D6E-64B6-4785-A8BB-8FC32150A569} = {9F30A70E-A31E-4AC9-A133-937C37B1B48F}
		{1E04D391-A0D9-498C-8ACD-71FC6D90A6B8} = {9F30A70E-A31E-4AC9-A133-937C37B1B48F}
	EndGlobalSection
	GlobalSection(ExtensibilityGlobals) = postSolution
		SolutionGuid = {8B339194-DF7D-4B7B-A4E6-62ED5533C9F1}
	EndGlobalSection
EndGlobal
