
Microsoft Visual Studio Solution File, Format Version 12.00
# Visual Studio Version 17
VisualStudioVersion = 17.5.002.0
MinimumVisualStudioVersion = 10.0.40219.1
Project("{9A19103F-16F7-4668-BE54-9A1E7A4F7556}") = "PolarisContacts.ReadService.Domain", "PolarisContacts.ReadService.Domain.csproj", "{89C9BB87-4222-469A-9A1F-C202E6FCC542}"
EndProject
Global
	GlobalSection(SolutionConfigurationPlatforms) = preSolution
		Debug|Any CPU = Debug|Any CPU
		Release|Any CPU = Release|Any CPU
	EndGlobalSection
	GlobalSection(ProjectConfigurationPlatforms) = postSolution
		{89C9BB87-4222-469A-9A1F-C202E6FCC542}.Debug|Any CPU.ActiveCfg = Debug|Any CPU
		{89C9BB87-4222-469A-9A1F-C202E6FCC542}.Debug|Any CPU.Build.0 = Debug|Any CPU
		{89C9BB87-4222-469A-9A1F-C202E6FCC542}.Release|Any CPU.ActiveCfg = Release|Any CPU
		{89C9BB87-4222-469A-9A1F-C202E6FCC542}.Release|Any CPU.Build.0 = Release|Any CPU
	EndGlobalSection
	GlobalSection(SolutionProperties) = preSolution
		HideSolutionNode = FALSE
	EndGlobalSection
	GlobalSection(ExtensibilityGlobals) = postSolution
		SolutionGuid = {7F204903-672F-4C54-A1D5-A394E342D6AB}
	EndGlobalSection
EndGlobal
